{
  "version": "5",
  "specifiers": {
    "jsr:@hono/hono@^4.7.10": "4.7.10",
    "jsr:@std/dotenv@~0.225.4": "0.225.4"
  },
  "jsr": {
    "@hono/hono@4.7.10": {
      "integrity": "e59029e252af371abe43e8e4f9a115e38974c6bd5972022372bf89f763269cc7"
    },
    "@std/dotenv@0.225.4": {
      "integrity": "2a672c2b192abe535dcfea1ae89f219ee3979af6aad7d185cb19206ee9bc5caf"
    }
  },
  "workspace": {
    "dependencies": [
      "jsr:@hono/hono@^4.7.10",
      "jsr:@std/dotenv@~0.225.4"
    ]
  }
}
